
Microsoft Visual Studio Solution File, Format Version 12.00
# Visual Studio Version 17
VisualStudioVersion = 17.2.32602.215
MinimumVisualStudioVersion = 10.0.40219.1
Project("{2150E333-8FDC-42A3-9474-1A3956D46DE8}") = "src", "src", "{B87C96DD-182C-450A-8662-112440FAE7F2}"
EndProject
Project("{9A19103F-16F7-4668-BE54-9A1E7A4F7556}") = "DM.Domain", "src\DM.Domain\DM.Domain.csproj", "{2079E091-1EDA-4A32-A450-B9035D449FED}"
EndProject
Project("{9A19103F-16F7-4668-BE54-9A1E7A4F7556}") = "DM.Application", "src\DM.Application\DM.Application.csproj", "{CA98624B-A3A4-4034-AC0B-CE494BB72EB1}"
EndProject
Project("{9A19103F-16F7-4668-BE54-9A1E7A4F7556}") = "DM.Web", "src\DM.Web\DM.Web.csproj", "{E573EFDB-93A7-4F56-8040-D69A6025F06C}"
EndProject
Project("{9A19103F-16F7-4668-BE54-9A1E7A4F7556}") = "DM.Infrastructure", "src\DM.Infrastructure\DM.Infrastructure.csproj", "{F94BADCC-80DD-4228-AA8B-251F244ED59A}"
EndProject
Global
	GlobalSection(SolutionConfigurationPlatforms) = preSolution
		Debug|Any CPU = Debug|Any CPU
		Release|Any CPU = Release|Any CPU
	EndGlobalSection
	GlobalSection(ProjectConfigurationPlatforms) = postSolution
		{2079E091-1EDA-4A32-A450-B9035D449FED}.Debug|Any CPU.ActiveCfg = Debug|Any CPU
		{2079E091-1EDA-4A32-A450-B9035D449FED}.Debug|Any CPU.Build.0 = Debug|Any CPU
		{2079E091-1EDA-4A32-A450-B9035D449FED}.Release|Any CPU.ActiveCfg = Release|Any CPU
		{2079E091-1EDA-4A32-A450-B9035D449FED}.Release|Any CPU.Build.0 = Release|Any CPU
		{CA98624B-A3A4-4034-AC0B-CE494BB72EB1}.Debug|Any CPU.ActiveCfg = Debug|Any CPU
		{CA98624B-A3A4-4034-AC0B-CE494BB72EB1}.Debug|Any CPU.Build.0 = Debug|Any CPU
		{CA98624B-A3A4-4034-AC0B-CE494BB72EB1}.Release|Any CPU.ActiveCfg = Release|Any CPU
		{CA98624B-A3A4-4034-AC0B-CE494BB72EB1}.Release|Any CPU.Build.0 = Release|Any CPU
		{E573EFDB-93A7-4F56-8040-D69A6025F06C}.Debug|Any CPU.ActiveCfg = Debug|Any CPU
		{E573EFDB-93A7-4F56-8040-D69A6025F06C}.Debug|Any CPU.Build.0 = Debug|Any CPU
		{E573EFDB-93A7-4F56-8040-D69A6025F06C}.Release|Any CPU.ActiveCfg = Release|Any CPU
		{E573EFDB-93A7-4F56-8040-D69A6025F06C}.Release|Any CPU.Build.0 = Release|Any CPU
		{F94BADCC-80DD-4228-AA8B-251F244ED59A}.Debug|Any CPU.ActiveCfg = Debug|Any CPU
		{F94BADCC-80DD-4228-AA8B-251F244ED59A}.Debug|Any CPU.Build.0 = Debug|Any CPU
		{F94BADCC-80DD-4228-AA8B-251F244ED59A}.Release|Any CPU.ActiveCfg = Release|Any CPU
		{F94BADCC-80DD-4228-AA8B-251F244ED59A}.Release|Any CPU.Build.0 = Release|Any CPU
		{5734231F-6363-4BBC-B207-036ED7BCF6E6}.Debug|Any CPU.ActiveCfg = Debug|Any CPU
		{5734231F-6363-4BBC-B207-036ED7BCF6E6}.Debug|Any CPU.Build.0 = Debug|Any CPU
		{5734231F-6363-4BBC-B207-036ED7BCF6E6}.Release|Any CPU.ActiveCfg = Release|Any CPU
		{5734231F-6363-4BBC-B207-036ED7BCF6E6}.Release|Any CPU.Build.0 = Release|Any CPU
		{8868BD28-7BE9-4E4F-95B2-0197FF417CF1}.Debug|Any CPU.ActiveCfg = Debug|Any CPU
		{8868BD28-7BE9-4E4F-95B2-0197FF417CF1}.Debug|Any CPU.Build.0 = Debug|Any CPU
		{8868BD28-7BE9-4E4F-95B2-0197FF417CF1}.Release|Any CPU.ActiveCfg = Release|Any CPU
		{8868BD28-7BE9-4E4F-95B2-0197FF417CF1}.Release|Any CPU.Build.0 = Release|Any CPU
		{41CAC149-AA48-449B-9587-6899517ACDF7}.Debug|Any CPU.ActiveCfg = Debug|Any CPU
		{41CAC149-AA48-449B-9587-6899517ACDF7}.Debug|Any CPU.Build.0 = Debug|Any CPU
		{41CAC149-AA48-449B-9587-6899517ACDF7}.Release|Any CPU.ActiveCfg = Release|Any CPU
		{41CAC149-AA48-449B-9587-6899517ACDF7}.Release|Any CPU.Build.0 = Release|Any CPU
		{AD3FEA5F-29E1-4CDE-BFAA-E6AF41B7AC42}.Debug|Any CPU.ActiveCfg = Debug|Any CPU
		{AD3FEA5F-29E1-4CDE-BFAA-E6AF41B7AC42}.Debug|Any CPU.Build.0 = Debug|Any CPU
		{AD3FEA5F-29E1-4CDE-BFAA-E6AF41B7AC42}.Release|Any CPU.ActiveCfg = Release|Any CPU
		{AD3FEA5F-29E1-4CDE-BFAA-E6AF41B7AC42}.Release|Any CPU.Build.0 = Release|Any CPU
	EndGlobalSection
	GlobalSection(SolutionProperties) = preSolution
		HideSolutionNode = FALSE
	EndGlobalSection
	GlobalSection(NestedProjects) = preSolution
		{2079E091-1EDA-4A32-A450-B9035D449FED} = {B87C96DD-182C-450A-8662-112440FAE7F2}
		{CA98624B-A3A4-4034-AC0B-CE494BB72EB1} = {B87C96DD-182C-450A-8662-112440FAE7F2}
		{E573EFDB-93A7-4F56-8040-D69A6025F06C} = {B87C96DD-182C-450A-8662-112440FAE7F2}
		{F94BADCC-80DD-4228-AA8B-251F244ED59A} = {B87C96DD-182C-450A-8662-112440FAE7F2}
		{5734231F-6363-4BBC-B207-036ED7BCF6E6} = {B87C96DD-182C-450A-8662-112440FAE7F2}
		{8868BD28-7BE9-4E4F-95B2-0197FF417CF1} = {B87C96DD-182C-450A-8662-112440FAE7F2}
		{41CAC149-AA48-449B-9587-6899517ACDF7} = {B87C96DD-182C-450A-8662-112440FAE7F2}
		{AD3FEA5F-29E1-4CDE-BFAA-E6AF41B7AC42} = {B87C96DD-182C-450A-8662-112440FAE7F2}
	EndGlobalSection
	GlobalSection(ExtensibilityGlobals) = postSolution
		SolutionGuid = {804FE7F8-7005-465A-A53A-A7B74C067C21}
	EndGlobalSection
EndGlobal
